github.com/AubreeH/goApiRouting v0.0.32 h1:1FQHoFRP66bh17xTtLK3DafVQJ8XkJLOcuOQVYqO0fw=
github.com/AubreeH/goApiRouting v0.0.32/go.mod h1:fs04M07cq4jvMj3OASo/uxFI1TfCjKT8R+9SwMCgZ3w=
github.com/AubreeH/goApiRouting v0.0.33 h1:wnwqWema454MsMkgiW10Q6JaMhaz9VbSwjHQ2sV8Yl8=
github.com/AubreeH/goApiRouting v0.0.33/go.mod h1:fs04M07cq4jvMj3OASo/uxFI1TfCjKT8R+9SwMCgZ3w=
